
Microsoft Visual Studio Solution File, Format Version 12.00
# Visual Studio Version 17
VisualStudioVersion = 17.11.35312.102
MinimumVisualStudioVersion = 10.0.40219.1
Project("{FAE04EC0-301F-11D3-BF4B-00C04F79EFBC}") = "TravelTripProje", "TravelTripProje\TravelTripProje.csproj", "{2BD732E0-4F96-4843-ACC2-888ED8D8A0C6}"
EndProject
Global
	GlobalSection(SolutionConfigurationPlatforms) = preSolution
		Debug|Any CPU = Debug|Any CPU
		Release|Any CPU = Release|Any CPU
	EndGlobalSection
	GlobalSection(ProjectConfigurationPlatforms) = postSolution
		{2BD732E0-4F96-4843-ACC2-888ED8D8A0C6}.Debug|Any CPU.ActiveCfg = Debug|Any CPU
		{2BD732E0-4F96-4843-ACC2-888ED8D8A0C6}.Debug|Any CPU.Build.0 = Debug|Any CPU
		{2BD732E0-4F96-4843-ACC2-888ED8D8A0C6}.Release|Any CPU.ActiveCfg = Release|Any CPU
		{2BD732E0-4F96-4843-ACC2-888ED8D8A0C6}.Release|Any CPU.Build.0 = Release|Any CPU
	EndGlobalSection
	GlobalSection(SolutionProperties) = preSolution
		HideSolutionNode = FALSE
	EndGlobalSection
	GlobalSection(ExtensibilityGlobals) = postSolution
		SolutionGuid = {AF1DB6C0-7727-45C7-B3EA-974307CD60D4}
	EndGlobalSection
EndGlobal
